
Microsoft Visual Studio Solution File, Format Version 12.00
# Visual Studio Version 16
VisualStudioVersion = 16.0.31129.286
MinimumVisualStudioVersion = 10.0.40219.1
Project("{9A19103F-16F7-4668-BE54-9A1E7A4F7556}") = "ElJournal", "ElJournal\ElJournal.csproj", "{DEE7465C-140C-4084-994A-9FE3E2C67428}"
EndProject
Project("{FAE04EC0-301F-11D3-BF4B-00C04F79EFBC}") = "ElJournal.Tests", "ElJournal.Tests\ElJournal.Tests.csproj", "{CC67CEB6-E9E1-4219-9921-D34BD924097A}"
EndProject
Global
	GlobalSection(SolutionConfigurationPlatforms) = preSolution
		Debug|Any CPU = Debug|Any CPU
		Release|Any CPU = Release|Any CPU
	EndGlobalSection
	GlobalSection(ProjectConfigurationPlatforms) = postSolution
		{DEE7465C-140C-4084-994A-9FE3E2C67428}.Debug|Any CPU.ActiveCfg = Debug|Any CPU
		{DEE7465C-140C-4084-994A-9FE3E2C67428}.Debug|Any CPU.Build.0 = Debug|Any CPU
		{DEE7465C-140C-4084-994A-9FE3E2C67428}.Release|Any CPU.ActiveCfg = Release|Any CPU
		{DEE7465C-140C-4084-994A-9FE3E2C67428}.Release|Any CPU.Build.0 = Release|Any CPU
		{CC67CEB6-E9E1-4219-9921-D34BD924097A}.Debug|Any CPU.ActiveCfg = Debug|Any CPU
		{CC67CEB6-E9E1-4219-9921-D34BD924097A}.Debug|Any CPU.Build.0 = Debug|Any CPU
		{CC67CEB6-E9E1-4219-9921-D34BD924097A}.Release|Any CPU.ActiveCfg = Release|Any CPU
		{CC67CEB6-E9E1-4219-9921-D34BD924097A}.Release|Any CPU.Build.0 = Release|Any CPU
	EndGlobalSection
	GlobalSection(SolutionProperties) = preSolution
		HideSolutionNode = FALSE
	EndGlobalSection
	GlobalSection(ExtensibilityGlobals) = postSolution
		SolutionGuid = {4B234401-9F4F-4055-B86A-128933199D6E}
	EndGlobalSection
EndGlobal
